<?xml version="1.0" encoding="utf-8"?>
<Project ToolsVersion="4.0" xmlns="http://schemas.microsoft.com/developer/msbuild/2003">
  <ItemGroup>
    <Filter Include="Файлы исходного кода">
      <UniqueIdentifier>{4FC737F1-C7A5-4376-A066-2A32D752A2FF}</UniqueIdentifier>
      <Extensions>cpp;c;cc;cxx;def;odl;idl;hpj;bat;asm;asmx</Extensions>
    </Filter>
    <Filter Include="Заголовочные файлы">
      <UniqueIdentifier>{93995380-89BD-4b04-88EB-625FBE52EBFB}</UniqueIdentifier>
      <Extensions>h;hpp;hxx;hm;inl;inc;xsd</Extensions>
    </Filter>
    <Filter Include="Файлы ресурсов">
      <UniqueIdentifier>{67DA6AB6-F800-4c08-8B7A-83BB121AAD01}</UniqueIdentifier>
      <Extensions>rc;ico;cur;bmp;dlg;rc2;rct;bin;rgs;gif;jpg;jpeg;jpe;resx;tiff;tif;png;wav;mfcribbon-ms</Extensions>
    </Filter>
    <Filter Include="Заголовочные файлы\CreateMassArray">
      <UniqueIdentifier>{bf62934f-8cac-49a7-8235-974603dc450f}</UniqueIdentifier>
    </Filter>
    <Filter Include="Заголовочные файлы\InfoAboutAccessObjs">
      <UniqueIdentifier>{f35f839c-2cad-489b-b97e-a6af12a8c4f7}</UniqueIdentifier>
    </Filter>
    <Filter Include="Заголовочные файлы\Model">
      <UniqueIdentifier>{d20eccf8-c33a-42cc-a668-42e1dd161f2a}</UniqueIdentifier>
    </Filter>
    <Filter Include="Заголовочные файлы\ObjsMap">
      <UniqueIdentifier>{5f70751a-e93f-472c-8907-7b5922c21899}</UniqueIdentifier>
    </Filter>
  </ItemGroup>
  <ItemGroup>
    <ClCompile Include="..\..\main.cpp">
      <Filter>Файлы исходного кода</Filter>
    </ClCompile>
  </ItemGroup>
  <ItemGroup>
    <ClInclude Include="..\..\CreateMassArray\switch_enum_mass.h">
      <Filter>Заголовочные файлы\CreateMassArray</Filter>
    </ClInclude>
    <ClInclude Include="..\..\CreateMassArray\enum_helper_post.h">
      <Filter>Заголовочные файлы\CreateMassArray</Filter>
    </ClInclude>
    <ClInclude Include="..\..\CreateMassArray\enum_helper_pre.h">
      <Filter>Заголовочные файлы\CreateMassArray</Filter>
    </ClInclude>
    <ClInclude Include="..\..\InfoAboutAccessObjs\windowstation.h">
      <Filter>Заголовочные файлы\InfoAboutAccessObjs</Filter>
    </ClInclude>
    <ClInclude Include="..\..\InfoAboutAccessObjs\BaseAccess.h">
      <Filter>Заголовочные файлы\InfoAboutAccessObjs</Filter>
    </ClInclude>
    <ClInclude Include="..\..\InfoAboutAccessObjs\desktop.h">
      <Filter>Заголовочные файлы\InfoAboutAccessObjs</Filter>
    </ClInclude>
    <ClInclude Include="..\..\InfoAboutAccessObjs\directory.h">
      <Filter>Заголовочные файлы\InfoAboutAccessObjs</Filter>
    </ClInclude>
    <ClInclude Include="..\..\InfoAboutAccessObjs\event.h">
      <Filter>Заголовочные файлы\InfoAboutAccessObjs</Filter>
    </ClInclude>
    <ClInclude Include="..\..\InfoAboutAccessObjs\file.h">
      <Filter>Заголовочные файлы\InfoAboutAccessObjs</Filter>
    </ClInclude>
    <ClInclude Include="..\..\InfoAboutAccessObjs\job.h">
      <Filter>Заголовочные файлы\InfoAboutAccessObjs</Filter>
    </ClInclude>
    <ClInclude Include="..\..\InfoAboutAccessObjs\key.h">
      <Filter>Заголовочные файлы\InfoAboutAccessObjs</Filter>
    </ClInclude>
    <ClInclude Include="..\..\InfoAboutAccessObjs\process.h">
      <Filter>Заголовочные файлы\InfoAboutAccessObjs</Filter>
    </ClInclude>
    <ClInclude Include="..\..\InfoAboutAccessObjs\semaphore.h">
      <Filter>Заголовочные файлы\InfoAboutAccessObjs</Filter>
    </ClInclude>
    <ClInclude Include="..\..\InfoAboutAccessObjs\StandartAccess.h">
      <Filter>Заголовочные файлы\InfoAboutAccessObjs</Filter>
    </ClInclude>
    <ClInclude Include="..\..\InfoAboutAccessObjs\thread.h">
      <Filter>Заголовочные файлы\InfoAboutAccessObjs</Filter>
    </ClInclude>
    <ClInclude Include="..\..\InfoAboutAccessObjs\timer.h">
      <Filter>Заголовочные файлы\InfoAboutAccessObjs</Filter>
    </ClInclude>
    <ClInclude Include="..\..\InfoAboutAccessObjs\token.h">
      <Filter>Заголовочные файлы\InfoAboutAccessObjs</Filter>
    </ClInclude>
    <ClInclude Include="..\..\Model\head_model.h">
      <Filter>Заголовочные файлы\Model</Filter>
    </ClInclude>
    <ClInclude Include="..\..\Model\CManagerObjs.h">
      <Filter>Заголовочные файлы\Model</Filter>
    </ClInclude>
    <ClInclude Include="..\..\Model\CWinInfo.h">
      <Filter>Заголовочные файлы\Model</Filter>
    </ClInclude>
    <ClInclude Include="..\..\Model\CWinObj.h">
      <Filter>Заголовочные файлы\Model</Filter>
    </ClInclude>
    <ClInclude Include="..\..\Model\general_model.h">
      <Filter>Заголовочные файлы\Model</Filter>
    </ClInclude>
    <ClInclude Include="..\..\ObjsMap\WinXP.h">
      <Filter>Заголовочные файлы\ObjsMap</Filter>
    </ClInclude>
    <ClInclude Include="..\..\ObjsMap\Win2000.h">
      <Filter>Заголовочные файлы\ObjsMap</Filter>
    </ClInclude>
    <ClInclude Include="..\..\ObjsMap\WinNT.h">
      <Filter>Заголовочные файлы\ObjsMap</Filter>
    </ClInclude>
  </ItemGroup>
</Project>